
Microsoft Visual Studio Solution File, Format Version 12.00
# Visual Studio Version 17
VisualStudioVersion = 17.13.35931.197 d17.13
MinimumVisualStudioVersion = 10.0.40219.1
Project("{FAE04EC0-301F-11D3-BF4B-00C04F79EFBC}") = "TG_BOT", "TG_BOT\TG_BOT.csproj", "{715177DD-7549-4BA4-A4ED-26276A8EA1CE}"
EndProject
Global
	GlobalSection(SolutionConfigurationPlatforms) = preSolution
		Debug|Any CPU = Debug|Any CPU
		Release|Any CPU = Release|Any CPU
	EndGlobalSection
	GlobalSection(ProjectConfigurationPlatforms) = postSolution
		{715177DD-7549-4BA4-A4ED-26276A8EA1CE}.Debug|Any CPU.ActiveCfg = Debug|Any CPU
		{715177DD-7549-4BA4-A4ED-26276A8EA1CE}.Debug|Any CPU.Build.0 = Debug|Any CPU
		{715177DD-7549-4BA4-A4ED-26276A8EA1CE}.Release|Any CPU.ActiveCfg = Release|Any CPU
		{715177DD-7549-4BA4-A4ED-26276A8EA1CE}.Release|Any CPU.Build.0 = Release|Any CPU
	EndGlobalSection
	GlobalSection(SolutionProperties) = preSolution
		HideSolutionNode = FALSE
	EndGlobalSection
	GlobalSection(ExtensibilityGlobals) = postSolution
		SolutionGuid = {06BBDB8E-E4B9-4918-8636-0924DFA33B5F}
	EndGlobalSection
EndGlobal
